
Microsoft Visual Studio Solution File, Format Version 12.00
# Visual Studio Version 17
VisualStudioVersion = 17.5.002.0
MinimumVisualStudioVersion = 10.0.40219.1
Project("{9A19103F-16F7-4668-BE54-9A1E7A4F7556}") = "Atlas.Tests", "Atlas.Tests.csproj", "{6873ED7A-C361-4065-B547-CB3F15FB0DF5}"
EndProject
Global
	GlobalSection(SolutionConfigurationPlatforms) = preSolution
		Debug|Any CPU = Debug|Any CPU
		Release|Any CPU = Release|Any CPU
	EndGlobalSection
	GlobalSection(ProjectConfigurationPlatforms) = postSolution
		{6873ED7A-C361-4065-B547-CB3F15FB0DF5}.Debug|Any CPU.ActiveCfg = Debug|Any CPU
		{6873ED7A-C361-4065-B547-CB3F15FB0DF5}.Debug|Any CPU.Build.0 = Debug|Any CPU
		{6873ED7A-C361-4065-B547-CB3F15FB0DF5}.Release|Any CPU.ActiveCfg = Release|Any CPU
		{6873ED7A-C361-4065-B547-CB3F15FB0DF5}.Release|Any CPU.Build.0 = Release|Any CPU
	EndGlobalSection
	GlobalSection(SolutionProperties) = preSolution
		HideSolutionNode = FALSE
	EndGlobalSection
	GlobalSection(ExtensibilityGlobals) = postSolution
		SolutionGuid = {250E588A-95B8-4C0C-A5DC-D3B4C2028169}
	EndGlobalSection
EndGlobal
