
Microsoft Visual Studio Solution File, Format Version 12.00
# Visual Studio Version 17
VisualStudioVersion = 17.5.002.0
MinimumVisualStudioVersion = 10.0.40219.1
Project("{9A19103F-16F7-4668-BE54-9A1E7A4F7556}") = "Atlas.Proxy", "Atlas.Proxy.csproj", "{6D23C2EB-E3F7-4A9D-BD23-0F1A4BEFC976}"
EndProject
Global
	GlobalSection(SolutionConfigurationPlatforms) = preSolution
		Debug|Any CPU = Debug|Any CPU
		Release|Any CPU = Release|Any CPU
	EndGlobalSection
	GlobalSection(ProjectConfigurationPlatforms) = postSolution
		{6D23C2EB-E3F7-4A9D-BD23-0F1A4BEFC976}.Debug|Any CPU.ActiveCfg = Debug|Any CPU
		{6D23C2EB-E3F7-4A9D-BD23-0F1A4BEFC976}.Debug|Any CPU.Build.0 = Debug|Any CPU
		{6D23C2EB-E3F7-4A9D-BD23-0F1A4BEFC976}.Release|Any CPU.ActiveCfg = Release|Any CPU
		{6D23C2EB-E3F7-4A9D-BD23-0F1A4BEFC976}.Release|Any CPU.Build.0 = Release|Any CPU
	EndGlobalSection
	GlobalSection(SolutionProperties) = preSolution
		HideSolutionNode = FALSE
	EndGlobalSection
	GlobalSection(ExtensibilityGlobals) = postSolution
		SolutionGuid = {2375D8FE-4DCA-4D5F-89C0-E43802D1B830}
	EndGlobalSection
EndGlobal
